# THIS IS AN AUTOGENERATED FILE. DO NOT EDIT THIS FILE DIRECTLY.
# yarn lockfile v1


ansi-colors@^1.0.1:
  version "1.1.0"
  resolved "https://registry.nlark.com/ansi-colors/download/ansi-colors-1.1.0.tgz#6374b4dd5d4718ff3ce27a671a3b1cad077132a9"
  integrity sha1-Y3S03V1HGP884npnGjscrQdxMqk=
  dependencies:
    ansi-wrap "^0.1.0"

ansi-wrap@^0.1.0:
  version "0.1.0"
  resolved "https://registry.npm.taobao.org/ansi-wrap/download/ansi-wrap-0.1.0.tgz#a82250ddb0015e9a27ca82e82ea603bbfa45efaf"
  integrity sha1-qCJQ3bABXponyoLoLqYDu/pF768=

arr-diff@^4.0.0:
  version "4.0.0"
  resolved "https://registry.nlark.com/arr-diff/download/arr-diff-4.0.0.tgz#d6461074febfec71e7e15235761a329a5dc7c520"
  integrity sha1-1kYQdP6/7HHn4VI1dhoyml3HxSA=

arr-union@^3.1.0:
  version "3.1.0"
  resolved "https://registry.nlark.com/arr-union/download/arr-union-3.1.0.tgz#e39b09aea9def866a8f206e288af63919bae39c4"
  integrity sha1-45sJrqne+Gao8gbiiK9jkZuuOcQ=

assign-symbols@^1.0.0:
  version "1.0.0"
  resolved "https://registry.nlark.com/assign-symbols/download/assign-symbols-1.0.0.tgz#59667f41fadd4f20ccbc2bb96b8d4f7f78ec0367"
  integrity sha1-WWZ/QfrdTyDMvCu5a41Pf3jsA2c=

copy-anything@^2.0.1:
  version "2.0.3"
  resolved "https://registry.nlark.com/copy-anything/download/copy-anything-2.0.3.tgz#842407ba02466b0df844819bbe3baebbe5d45d87"
  integrity sha1-hCQHugJGaw34RIGbvjuuu+XUXYc=
  dependencies:
    is-what "^3.12.0"

debug@^3.2.6:
  version "3.2.7"
  resolved "https://registry.npmmirror.com/debug/download/debug-3.2.7.tgz#72580b7e9145fb39b6676f9c5e5fb100b934179a"
  integrity sha512-CFjzYYAi4ThfiQvizrFQevTTXHtnCqWfe7x1AhgEscTz6ZbLbfoLRLPugTQyBth6f8ZERVUSyWHFD/7Wu4t1XQ==
  dependencies:
    ms "^2.1.1"

errno@^0.1.1:
  version "0.1.8"
  resolved "https://registry.nlark.com/errno/download/errno-0.1.8.tgz#8bb3e9c7d463be4976ff888f76b4809ebc2e811f"
  integrity sha1-i7Ppx9Rjvkl2/4iPdrSAnrwugR8=
  dependencies:
    prr "~1.0.1"

extend-shallow@^3.0.2:
  version "3.0.2"
  resolved "https://registry.nlark.com/extend-shallow/download/extend-shallow-3.0.2.tgz#26a71aaf073b39fb2127172746131c2704028db8"
  integrity sha1-Jqcarwc7OfshJxcnRhMcJwQCjbg=
  dependencies:
    assign-symbols "^1.0.0"
    is-extendable "^1.0.1"

graceful-fs@^4.1.2:
  version "4.2.9"
  resolved "https://registry.npmmirror.com/graceful-fs/download/graceful-fs-4.2.9.tgz#041b05df45755e587a24942279b9d113146e1c96"
  integrity sha512-NtNxqUcXgpW2iMrfqSfR73Glt39K+BLwWsPs94yR63v45T0Wbej7eRmL5cWfwEgqXnmjQp3zaJTshdRW/qC2ZQ==

gulp-less@^5.0.0:
  version "5.0.0"
  resolved "https://registry.nlark.com/gulp-less/download/gulp-less-5.0.0.tgz#edafce75e9202fd62c9f653fb57b8d0d9fd731e5"
  integrity sha1-7a/OdekgL9Ysn2U/tXuNDZ/XMeU=
  dependencies:
    less "^3.7.1 || ^4.0.0"
    object-assign "^4.0.1"
    plugin-error "^1.0.0"
    replace-ext "^2.0.0"
    through2 "^4.0.0"
    vinyl-sourcemaps-apply "^0.2.0"

iconv-lite@^0.4.4:
  version "0.4.24"
  resolved "https://registry.nlark.com/iconv-lite/download/iconv-lite-0.4.24.tgz#2022b4b25fbddc21d2f524974a474aafe733908b"
  integrity sha1-ICK0sl+93CHS9SSXSkdKr+czkIs=
  dependencies:
    safer-buffer ">= 2.1.2 < 3"

image-size@~0.5.0:
  version "0.5.5"
  resolved "https://registry.npmmirror.com/image-size/download/image-size-0.5.5.tgz#09dfd4ab9d20e29eb1c3e80b8990378df9e3cb9c"
  integrity sha1-Cd/Uq50g4p6xw+gLiZA3jfnjy5w=

inherits@^2.0.3:
  version "2.0.4"
  resolved "https://registry.nlark.com/inherits/download/inherits-2.0.4.tgz#0fa2c64f932917c3433a0ded55363aae37416b7c"
  integrity sha1-D6LGT5MpF8NDOg3tVTY6rjdBa3w=

is-extendable@^1.0.1:
  version "1.0.1"
  resolved "https://registry.nlark.com/is-extendable/download/is-extendable-1.0.1.tgz#a7470f9e426733d81bd81e1155264e3a3507cab4"
  integrity sha1-p0cPnkJnM9gb2B4RVSZOOjUHyrQ=
  dependencies:
    is-plain-object "^2.0.4"

is-plain-object@^2.0.4:
  version "2.0.4"
  resolved "https://registry.npmmirror.com/is-plain-object/download/is-plain-object-2.0.4.tgz#2c163b3fafb1b606d9d17928f05c2a1c38e07677"
  integrity sha1-LBY7P6+xtgbZ0Xko8FwqHDjgdnc=
  dependencies:
    isobject "^3.0.1"

is-what@^3.12.0:
  version "3.14.1"
  resolved "https://registry.npmmirror.com/is-what/download/is-what-3.14.1.tgz?cache=0&sync_timestamp=1634283398540&other_urls=https%3A%2F%2Fregistry.npmmirror.com%2Fis-what%2Fdownload%2Fis-what-3.14.1.tgz#e1222f46ddda85dead0fd1c9df131760e77755c1"
  integrity sha1-4SIvRt3ahd6tD9HJ3xMXYOd3VcE=

isobject@^3.0.1:
  version "3.0.1"
  resolved "https://registry.npmmirror.com/isobject/download/isobject-3.0.1.tgz#4e431e92b11a9731636aa1f9c8d1ccbcfdab78df"
  integrity sha512-WhB9zCku7EGTj/HQQRz5aUQEUeoQZH2bWcltRErOpymJ4boYE6wL9Tbr23krRPSZ+C5zqNSrSw+Cc7sZZ4b7vg==

"less@^3.7.1 || ^4.0.0":
  version "4.1.2"
  resolved "https://registry.npmmirror.com/less/download/less-4.1.2.tgz#6099ee584999750c2624b65f80145f8674e4b4b0"
  integrity sha512-EoQp/Et7OSOVu0aJknJOtlXZsnr8XE8KwuzTHOLeVSEx8pVWUICc8Q0VYRHgzyjX78nMEyC/oztWFbgyhtNfDA==
  dependencies:
    copy-anything "^2.0.1"
    parse-node-version "^1.0.1"
    tslib "^2.3.0"
  optionalDependencies:
    errno "^0.1.1"
    graceful-fs "^4.1.2"
    image-size "~0.5.0"
    make-dir "^2.1.0"
    mime "^1.4.1"
    needle "^2.5.2"
    source-map "~0.6.0"

make-dir@^2.1.0:
  version "2.1.0"
  resolved "https://registry.npm.taobao.org/make-dir/download/make-dir-2.1.0.tgz#5f0310e18b8be898cc07009295a30ae41e91e6f5"
  integrity sha1-XwMQ4YuL6JjMBwCSlaMK5B6R5vU=
  dependencies:
    pify "^4.0.1"
    semver "^5.6.0"

mime@^1.4.1:
  version "1.6.0"
  resolved "https://registry.npmmirror.com/mime/download/mime-1.6.0.tgz#32cd9e5c64553bd58d19a568af452acff04981b1"
  integrity sha1-Ms2eXGRVO9WNGaVor0Uqz/BJgbE=

ms@^2.1.1:
  version "2.1.3"
  resolved "https://registry.npmmirror.com/ms/download/ms-2.1.3.tgz#574c8138ce1d2b5861f0b44579dbadd60c6615b2"
  integrity sha1-V0yBOM4dK1hh8LRFedut1gxmFbI=

needle@^2.5.2:
  version "2.9.1"
  resolved "https://registry.nlark.com/needle/download/needle-2.9.1.tgz?cache=0&sync_timestamp=1630674995929&other_urls=https%3A%2F%2Fregistry.nlark.com%2Fneedle%2Fdownload%2Fneedle-2.9.1.tgz#22d1dffbe3490c2b83e301f7709b6736cd8f2684"
  integrity sha1-ItHf++NJDCuD4wH3cJtnNs2PJoQ=
  dependencies:
    debug "^3.2.6"
    iconv-lite "^0.4.4"
    sax "^1.2.4"

object-assign@^4.0.1:
  version "4.1.1"
  resolved "https://registry.nlark.com/object-assign/download/object-assign-4.1.1.tgz#2109adc7965887cfc05cbbd442cac8bfbb360863"
  integrity sha1-IQmtx5ZYh8/AXLvUQsrIv7s2CGM=

parse-node-version@^1.0.1:
  version "1.0.1"
  resolved "https://registry.npmmirror.com/parse-node-version/download/parse-node-version-1.0.1.tgz#e2b5dbede00e7fa9bc363607f53327e8b073189b"
  integrity sha1-4rXb7eAOf6m8NjYH9TMn6LBzGJs=

pify@^4.0.1:
  version "4.0.1"
  resolved "https://registry.nlark.com/pify/download/pify-4.0.1.tgz#4b2cd25c50d598735c50292224fd8c6df41e3231"
  integrity sha1-SyzSXFDVmHNcUCkiJP2MbfQeMjE=

plugin-error@^1.0.0:
  version "1.0.1"
  resolved "https://registry.npm.taobao.org/plugin-error/download/plugin-error-1.0.1.tgz#77016bd8919d0ac377fdcdd0322328953ca5781c"
  integrity sha1-dwFr2JGdCsN3/c3QMiMolTyleBw=
  dependencies:
    ansi-colors "^1.0.1"
    arr-diff "^4.0.0"
    arr-union "^3.1.0"
    extend-shallow "^3.0.2"

prr@~1.0.1:
  version "1.0.1"
  resolved "https://registry.npm.taobao.org/prr/download/prr-1.0.1.tgz#d3fc114ba06995a45ec6893f484ceb1d78f5f476"
  integrity sha1-0/wRS6BplaRexok/SEzrHXj19HY=

readable-stream@3:
  version "3.6.0"
  resolved "https://registry.npm.taobao.org/readable-stream/download/readable-stream-3.6.0.tgz#337bbda3adc0706bd3e024426a286d4b4b2c9198"
  integrity sha1-M3u9o63AcGvT4CRCaihtS0sskZg=
  dependencies:
    inherits "^2.0.3"
    string_decoder "^1.1.1"
    util-deprecate "^1.0.1"

replace-ext@^2.0.0:
  version "2.0.0"
  resolved "https://registry.npm.taobao.org/replace-ext/download/replace-ext-2.0.0.tgz#9471c213d22e1bcc26717cd6e50881d88f812b06"
  integrity sha1-lHHCE9IuG8wmcXzW5QiB2I+BKwY=

safe-buffer@~5.2.0:
  version "5.2.1"
  resolved "https://registry.nlark.com/safe-buffer/download/safe-buffer-5.2.1.tgz#1eaf9fa9bdb1fdd4ec75f58f9cdb4e6b7827eec6"
  integrity sha1-Hq+fqb2x/dTsdfWPnNtOa3gn7sY=

"safer-buffer@>= 2.1.2 < 3":
  version "2.1.2"
  resolved "https://registry.nlark.com/safer-buffer/download/safer-buffer-2.1.2.tgz#44fa161b0187b9549dd84bb91802f9bd8385cd6a"
  integrity sha1-RPoWGwGHuVSd2Eu5GAL5vYOFzWo=

sax@^1.2.4:
  version "1.2.4"
  resolved "https://registry.nlark.com/sax/download/sax-1.2.4.tgz#2816234e2378bddc4e5354fab5caa895df7100d9"
  integrity sha1-KBYjTiN4vdxOU1T6tcqold9xANk=

semver@^5.6.0:
  version "5.7.1"
  resolved "https://registry.npm.taobao.org/semver/download/semver-5.7.1.tgz?cache=0&sync_timestamp=1616463641178&other_urls=https%3A%2F%2Fregistry.npm.taobao.org%2Fsemver%2Fdownload%2Fsemver-5.7.1.tgz#a954f931aeba508d307bbf069eff0c01c96116f7"
  integrity sha1-qVT5Ma66UI0we78Gnv8MAclhFvc=

source-map@^0.5.1:
  version "0.5.7"
  resolved "https://registry.npm.taobao.org/source-map/download/source-map-0.5.7.tgz#8a039d2d1021d22d1ea14c80d8ea468ba2ef3fcc"
  integrity sha1-igOdLRAh0i0eoUyA2OpGi6LvP8w=

source-map@~0.6.0:
  version "0.6.1"
  resolved "https://registry.npm.taobao.org/source-map/download/source-map-0.6.1.tgz#74722af32e9614e9c287a8d0bbde48b5e2f1a263"
  integrity sha1-dHIq8y6WFOnCh6jQu95IteLxomM=

string_decoder@^1.1.1:
  version "1.3.0"
  resolved "https://registry.nlark.com/string_decoder/download/string_decoder-1.3.0.tgz#42f114594a46cf1a8e30b0a84f56c78c3edac21e"
  integrity sha1-QvEUWUpGzxqOMLCoT1bHjD7awh4=
  dependencies:
    safe-buffer "~5.2.0"

through2@^4.0.0:
  version "4.0.2"
  resolved "https://registry.npm.taobao.org/through2/download/through2-4.0.2.tgz#a7ce3ac2a7a8b0b966c80e7c49f0484c3b239764"
  integrity sha1-p846wqeosLlmyA58SfBITDsjl2Q=
  dependencies:
    readable-stream "3"

tslib@^2.3.0:
  version "2.3.1"
  resolved "https://registry.npmmirror.com/tslib/download/tslib-2.3.1.tgz#e8a335add5ceae51aa261d32a490158ef042ef01"
  integrity sha512-77EbyPPpMz+FRFRuAFlWMtmgUWGe9UOG2Z25NqCwiIjRhOf5iKGuzSe5P2w1laq+FkRy4p+PCuVkJSGkzTEKVw==

util-deprecate@^1.0.1:
  version "1.0.2"
  resolved "https://registry.nlark.com/util-deprecate/download/util-deprecate-1.0.2.tgz#450d4dc9fa70de732762fbd2d4a28981419a0ccf"
  integrity sha1-RQ1Nyfpw3nMnYvvS1KKJgUGaDM8=

vinyl-sourcemaps-apply@^0.2.0:
  version "0.2.1"
  resolved "https://registry.npm.taobao.org/vinyl-sourcemaps-apply/download/vinyl-sourcemaps-apply-0.2.1.tgz#ab6549d61d172c2b1b87be5c508d239c8ef87705"
  integrity sha1-q2VJ1h0XLCsbh75cUI0jnI74dwU=
  dependencies:
    source-map "^0.5.1"
